
Microsoft Visual Studio Solution File, Format Version 12.00
# Visual Studio 15
VisualStudioVersion = 15.0.27004.2009
MinimumVisualStudioVersion = 10.0.40219.1
Project("{9A19103F-16F7-4668-BE54-9A1E7A4F7556}") = "WGTestWebSite", "WGTestWebSite\WGTestWebSite.csproj", "{DE235520-F344-4E6F-A3F1-5540F089F11C}"
EndProject
Project("{FAE04EC0-301F-11D3-BF4B-00C04F79EFBC}") = "WGSystem", "WGSystem\WGSystem.csproj", "{799F2A81-4617-4076-AD6C-EE4BF0CD19DF}"
EndProject
Global
	GlobalSection(SolutionConfigurationPlatforms) = preSolution
		Debug|Any CPU = Debug|Any CPU
		Release|Any CPU = Release|Any CPU
	EndGlobalSection
	GlobalSection(ProjectConfigurationPlatforms) = postSolution
		{DE235520-F344-4E6F-A3F1-5540F089F11C}.Debug|Any CPU.ActiveCfg = Debug|Any CPU
		{DE235520-F344-4E6F-A3F1-5540F089F11C}.Debug|Any CPU.Build.0 = Debug|Any CPU
		{DE235520-F344-4E6F-A3F1-5540F089F11C}.Release|Any CPU.ActiveCfg = Release|Any CPU
		{DE235520-F344-4E6F-A3F1-5540F089F11C}.Release|Any CPU.Build.0 = Release|Any CPU
		{799F2A81-4617-4076-AD6C-EE4BF0CD19DF}.Debug|Any CPU.ActiveCfg = Debug|Any CPU
		{799F2A81-4617-4076-AD6C-EE4BF0CD19DF}.Debug|Any CPU.Build.0 = Debug|Any CPU
		{799F2A81-4617-4076-AD6C-EE4BF0CD19DF}.Release|Any CPU.ActiveCfg = Release|Any CPU
		{799F2A81-4617-4076-AD6C-EE4BF0CD19DF}.Release|Any CPU.Build.0 = Release|Any CPU
	EndGlobalSection
	GlobalSection(SolutionProperties) = preSolution
		HideSolutionNode = FALSE
	EndGlobalSection
	GlobalSection(ExtensibilityGlobals) = postSolution
		SolutionGuid = {A88113E4-E5B4-4ED0-B8AD-67384F1F58F8}
	EndGlobalSection
EndGlobal
